
Microsoft Visual Studio Solution File, Format Version 12.00
# Visual Studio Version 16
VisualStudioVersion = 16.0.32002.261
MinimumVisualStudioVersion = 10.0.40219.1
Project("{FAE04EC0-301F-11D3-BF4B-00C04F79EFBC}") = "Lab19", "Lab19\Lab19.csproj", "{89A7DD93-5E4B-4F4F-9446-35ECEB48494E}"
EndProject
Global
	GlobalSection(SolutionConfigurationPlatforms) = preSolution
		Debug|Any CPU = Debug|Any CPU
		Release|Any CPU = Release|Any CPU
	EndGlobalSection
	GlobalSection(ProjectConfigurationPlatforms) = postSolution
		{89A7DD93-5E4B-4F4F-9446-35ECEB48494E}.Debug|Any CPU.ActiveCfg = Debug|Any CPU
		{89A7DD93-5E4B-4F4F-9446-35ECEB48494E}.Debug|Any CPU.Build.0 = Debug|Any CPU
		{89A7DD93-5E4B-4F4F-9446-35ECEB48494E}.Release|Any CPU.ActiveCfg = Release|Any CPU
		{89A7DD93-5E4B-4F4F-9446-35ECEB48494E}.Release|Any CPU.Build.0 = Release|Any CPU
	EndGlobalSection
	GlobalSection(SolutionProperties) = preSolution
		HideSolutionNode = FALSE
	EndGlobalSection
	GlobalSection(ExtensibilityGlobals) = postSolution
		SolutionGuid = {FE3EFA41-8DAE-4CD8-B137-81C3457B79A2}
	EndGlobalSection
EndGlobal
